<?xml version="1.0" encoding="UTF-8" standalone="yes" ?>
<CodeBlocks_project_file>
	<FileVersion major="1" minor="6" />
	<Project>
		<Option title="BS" />
		<Option pch_mode="2" />
		<Option compiler="gcc" />
		<Build>
			<Target title="Debug">
				<Option output="bin/Debug/BS" prefix_auto="1" extension_auto="1" />
				<Option object_output="obj/Debug/" />
				<Option type="1" />
				<Option compiler="gcc" />
				<Compiler>
					<Add option="-std=c++17" />
					<Add option="-g" />
					<Add directory="C:/Users/tomek/OneDrive/Dokumenty/SFML-2.5.1-windows-gcc-7.3.0-mingw-64-bit/SFML-2.5.1/include" />
				</Compiler>
				<Linker>
					<Add library="sfml-graphics-d" />
					<Add library="sfml-audio-d" />
					<Add library="sfml-network-d" />
					<Add library="sfml-window-d" />
					<Add library="sfml-system-d" />
					<Add library="sfml-main-d" />
					<Add directory="C:/Users/tomek/OneDrive/Dokumenty/SFML-2.5.1-windows-gcc-7.3.0-mingw-64-bit/SFML-2.5.1/lib" />
				</Linker>
			</Target>
			<Target title="Release">
				<Option output="bin/Release/BS" prefix_auto="1" extension_auto="1" />
				<Option object_output="obj/Release/" />
				<Option type="1" />
				<Option compiler="gcc" />
				<Compiler>
					<Add option="-O2" />
				</Compiler>
				<Linker>
					<Add option="-s" />
				</Linker>
			</Target>
		</Build>
		<Compiler>
			<Add option="-Wall" />
			<Add option="-fexceptions" />
			<Add directory="C:/Users/tomek/OneDrive/Dokumenty/SFML-2.5.1-windows-gcc-7.3.0-mingw-64-bit/SFML-2.5.1/include" />
		</Compiler>
		<Linker>
			<Add directory="C:/Users/tomek/OneDrive/Dokumenty/SFML-2.5.1-windows-gcc-7.3.0-mingw-64-bit/SFML-2.5.1/lib" />
		</Linker>
		<Unit filename="Menu.h">
			<Option target="&lt;{~None~}&gt;" />
		</Unit>
		<Unit filename="main.cpp" />
		<Unit filename="music.cpp">
			<Option target="&lt;{~None~}&gt;" />
		</Unit>
		<Unit filename="music.h">
			<Option target="&lt;{~None~}&gt;" />
		</Unit>
		<Extensions>
			<lib_finder disable_auto="1" />
		</Extensions>
	</Project>
</CodeBlocks_project_file>
